
Microsoft Visual Studio Solution File, Format Version 12.00
# Visual Studio 15
VisualStudioVersion = 15.0.27428.2037
MinimumVisualStudioVersion = 10.0.40219.1
Project("{FAE04EC0-301F-11D3-BF4B-00C04F79EFBC}") = "MaquetaAplicacion", "MaquetaAplicacion\MaquetaAplicacion.csproj", "{70FDFF02-967D-4902-960F-BF84E12BAF06}"
EndProject
Global
	GlobalSection(SolutionConfigurationPlatforms) = preSolution
		Debug|Any CPU = Debug|Any CPU
		Release|Any CPU = Release|Any CPU
	EndGlobalSection
	GlobalSection(ProjectConfigurationPlatforms) = postSolution
		{70FDFF02-967D-4902-960F-BF84E12BAF06}.Debug|Any CPU.ActiveCfg = Debug|Any CPU
		{70FDFF02-967D-4902-960F-BF84E12BAF06}.Debug|Any CPU.Build.0 = Debug|Any CPU
		{70FDFF02-967D-4902-960F-BF84E12BAF06}.Release|Any CPU.ActiveCfg = Release|Any CPU
		{70FDFF02-967D-4902-960F-BF84E12BAF06}.Release|Any CPU.Build.0 = Release|Any CPU
	EndGlobalSection
	GlobalSection(SolutionProperties) = preSolution
		HideSolutionNode = FALSE
	EndGlobalSection
	GlobalSection(ExtensibilityGlobals) = postSolution
		SolutionGuid = {C5490C56-6E25-45BB-8F56-65972890455D}
	EndGlobalSection
EndGlobal
